// !$*UTF8*$!
{
	archiveVersion = 1;
	classes = {
	};
	objectVersion = 51;
	objects = {

/* Begin PBXBuildFile section */
		8BC98DFE4027124384818E5E /* Pods_TestProject.framework in Frameworks */ = {isa = PBXBuildFile; fileRef = C81BA304C639BE19BE035299 /* Pods_TestProject.framework */; };
		F55B30C22510ABF6005922D4 /* AppDelegate.swift in Sources */ = {isa = PBXBuildFile; fileRef = F55B30C12510ABF6005922D4 /* AppDelegate.swift */; };
		F55B30C42510ABF6005922D4 /* SceneDelegate.swift in Sources */ = {isa = PBXBuildFile; fileRef = F55B30C32510ABF6005922D4 /* SceneDelegate.swift */; };
		F55B30C62510ABF6005922D4 /* ViewController.swift in Sources */ = {isa = PBXBuildFile; fileRef = F55B30C52510ABF6005922D4 /* ViewController.swift */; };
		F55B30C92510ABF6005922D4 /* Main.storyboard in Resources */ = {isa = PBXBuildFile; fileRef = F55B30C72510ABF6005922D4 /* Main.storyboard */; };
		F55B30CB2510ABFD005922D4 /* Assets.xcassets in Resources */ = {isa = PBXBuildFile; fileRef = F55B30CA2510ABFD005922D4 /* Assets.xcassets */; };
		F55B30CE2510ABFD005922D4 /* LaunchScreen.storyboard in Resources */ = {isa = PBXBuildFile; fileRef = F55B30CC2510ABFD005922D4 /* LaunchScreen.storyboard */; };
		F55B30D62510B7C8005922D4 /* VideoViewController.swift in Sources */ = {isa = PBXBuildFile; fileRef = F55B30D52510B7C8005922D4 /* VideoViewController.swift */; };
		F55B30DA2510C7E2005922D4 /* FavouriteViewController.swift in Sources */ = {isa = PBXBuildFile; fileRef = F55B30D92510C7E2005922D4 /* FavouriteViewController.swift */; };
		F57B2E692513531200ADC980 /* SearchCollectionViewCell.swift in Sources */ = {isa = PBXBuildFile; fileRef = F57B2E682513531200ADC980 /* SearchCollectionViewCell.swift */; };
		F57B2E6B2513532300ADC980 /* SearchCollectionViewController.swift in Sources */ = {isa = PBXBuildFile; fileRef = F57B2E6A2513532300ADC980 /* SearchCollectionViewController.swift */; };
		F5960B4D2513C86D00102790 /* NewsCollectionViewCell.xib in Resources */ = {isa = PBXBuildFile; fileRef = F5960B4C2513C86D00102790 /* NewsCollectionViewCell.xib */; };
		F5960B4F2513CC0C00102790 /* HeaderCollectionReusableView.swift in Sources */ = {isa = PBXBuildFile; fileRef = F5960B4E2513CC0C00102790 /* HeaderCollectionReusableView.swift */; };
		F5AAE0A225142F6A0057F8CA /* HeaderCollectionViewCell.xib in Resources */ = {isa = PBXBuildFile; fileRef = F5AAE0A125142F6A0057F8CA /* HeaderCollectionViewCell.xib */; };
		F5AAE0A7251436540057F8CA /* HeaderCollectionViewCell.swift in Sources */ = {isa = PBXBuildFile; fileRef = F5AAE0A6251436540057F8CA /* HeaderCollectionViewCell.swift */; };
		F5FA77ED25120DC900D91E40 /* NewsCollectionViewController.swift in Sources */ = {isa = PBXBuildFile; fileRef = F5FA77EC25120DC900D91E40 /* NewsCollectionViewController.swift */; };
		F5FA77EF251213DC00D91E40 /* NewsCollectionViewCell.swift in Sources */ = {isa = PBXBuildFile; fileRef = F5FA77EE251213DC00D91E40 /* NewsCollectionViewCell.swift */; };
		F5FA77F12512156B00D91E40 /* ModelNews.swift in Sources */ = {isa = PBXBuildFile; fileRef = F5FA77F02512156B00D91E40 /* ModelNews.swift */; };
		F5FA77F32512157700D91E40 /* SettingsNews.swift in Sources */ = {isa = PBXBuildFile; fileRef = F5FA77F22512157700D91E40 /* SettingsNews.swift */; };
/* End PBXBuildFile section */

/* Begin PBXFileReference section */
		A37642A3952037DF6A39A666 /* Pods-TestProject.debug.xcconfig */ = {isa = PBXFileReference; includeInIndex = 1; lastKnownFileType = text.xcconfig; name = "Pods-TestProject.debug.xcconfig"; path = "Target Support Files/Pods-TestProject/Pods-TestProject.debug.xcconfig"; sourceTree = "<group>"; };
		C81BA304C639BE19BE035299 /* Pods_TestProject.framework */ = {isa = PBXFileReference; explicitFileType = wrapper.framework; includeInIndex = 0; path = Pods_TestProject.framework; sourceTree = BUILT_PRODUCTS_DIR; };
		E6C108CDC267693E76F58F41 /* Pods-TestProject.release.xcconfig */ = {isa = PBXFileReference; includeInIndex = 1; lastKnownFileType = text.xcconfig; name = "Pods-TestProject.release.xcconfig"; path = "Target Support Files/Pods-TestProject/Pods-TestProject.release.xcconfig"; sourceTree = "<group>"; };
		F55B30BE2510ABF6005922D4 /* TestProject.app */ = {isa = PBXFileReference; explicitFileType = wrapper.application; includeInIndex = 0; path = TestProject.app; sourceTree = BUILT_PRODUCTS_DIR; };
		F55B30C12510ABF6005922D4 /* AppDelegate.swift */ = {isa = PBXFileReference; lastKnownFileType = sourcecode.swift; path = AppDelegate.swift; sourceTree = "<group>"; };
		F55B30C32510ABF6005922D4 /* SceneDelegate.swift */ = {isa = PBXFileReference; lastKnownFileType = sourcecode.swift; path = SceneDelegate.swift; sourceTree = "<group>"; };
		F55B30C52510ABF6005922D4 /* ViewController.swift */ = {isa = PBXFileReference; lastKnownFileType = sourcecode.swift; path = ViewController.swift; sourceTree = "<group>"; };
		F55B30C82510ABF6005922D4 /* Base */ = {isa = PBXFileReference; lastKnownFileType = file.storyboard; name = Base; path = Base.lproj/Main.storyboard; sourceTree = "<group>"; };
		F55B30CA2510ABFD005922D4 /* Assets.xcassets */ = {isa = PBXFileReference; lastKnownFileType = folder.assetcatalog; path = Assets.xcassets; sourceTree = "<group>"; };
		F55B30CD2510ABFD005922D4 /* Base */ = {isa = PBXFileReference; lastKnownFileType = file.storyboard; name = Base; path = Base.lproj/LaunchScreen.storyboard; sourceTree = "<group>"; };
		F55B30CF2510ABFD005922D4 /* Info.plist */ = {isa = PBXFileReference; lastKnownFileType = text.plist.xml; path = Info.plist; sourceTree = "<group>"; };
		F55B30D52510B7C8005922D4 /* VideoViewController.swift */ = {isa = PBXFileReference; lastKnownFileType = sourcecode.swift; path = VideoViewController.swift; sourceTree = "<group>"; };
		F55B30D92510C7E2005922D4 /* FavouriteViewController.swift */ = {isa = PBXFileReference; lastKnownFileType = sourcecode.swift; path = FavouriteViewController.swift; sourceTree = "<group>"; };
		F57B2E682513531200ADC980 /* SearchCollectionViewCell.swift */ = {isa = PBXFileReference; lastKnownFileType = sourcecode.swift; path = SearchCollectionViewCell.swift; sourceTree = "<group>"; };
		F57B2E6A2513532300ADC980 /* SearchCollectionViewController.swift */ = {isa = PBXFileReference; lastKnownFileType = sourcecode.swift; path = SearchCollectionViewController.swift; sourceTree = "<group>"; };
		F5960B4C2513C86D00102790 /* NewsCollectionViewCell.xib */ = {isa = PBXFileReference; lastKnownFileType = file.xib; path = NewsCollectionViewCell.xib; sourceTree = "<group>"; };
		F5960B4E2513CC0C00102790 /* HeaderCollectionReusableView.swift */ = {isa = PBXFileReference; lastKnownFileType = sourcecode.swift; path = HeaderCollectionReusableView.swift; sourceTree = "<group>"; };
		F5AAE0A125142F6A0057F8CA /* HeaderCollectionViewCell.xib */ = {isa = PBXFileReference; lastKnownFileType = file.xib; path = HeaderCollectionViewCell.xib; sourceTree = "<group>"; };
		F5AAE0A6251436540057F8CA /* HeaderCollectionViewCell.swift */ = {isa = PBXFileReference; lastKnownFileType = sourcecode.swift; path = HeaderCollectionViewCell.swift; sourceTree = "<group>"; };
		F5FA77EC25120DC900D91E40 /* NewsCollectionViewController.swift */ = {isa = PBXFileReference; lastKnownFileType = sourcecode.swift; path = NewsCollectionViewController.swift; sourceTree = "<group>"; };
		F5FA77EE251213DC00D91E40 /* NewsCollectionViewCell.swift */ = {isa = PBXFileReference; lastKnownFileType = sourcecode.swift; path = NewsCollectionViewCell.swift; sourceTree = "<group>"; };
		F5FA77F02512156B00D91E40 /* ModelNews.swift */ = {isa = PBXFileReference; lastKnownFileType = sourcecode.swift; path = ModelNews.swift; sourceTree = "<group>"; };
		F5FA77F22512157700D91E40 /* SettingsNews.swift */ = {isa = PBXFileReference; lastKnownFileType = sourcecode.swift; path = SettingsNews.swift; sourceTree = "<group>"; };
/* End PBXFileReference section */

/* Begin PBXFrameworksBuildPhase section */
		F55B30BB2510ABF6005922D4 /* Frameworks */ = {
			isa = PBXFrameworksBuildPhase;
			buildActionMask = 2147483647;
			files = (
				8BC98DFE4027124384818E5E /* Pods_TestProject.framework in Frameworks */,
			);
			runOnlyForDeploymentPostprocessing = 0;
		};
/* End PBXFrameworksBuildPhase section */

/* Begin PBXGroup section */
		09357FF41932FBC6C5ADB359 /* Frameworks */ = {
			isa = PBXGroup;
			children = (
				C81BA304C639BE19BE035299 /* Pods_TestProject.framework */,
			);
			name = Frameworks;
			sourceTree = "<group>";
		};
		F55B30B52510ABF6005922D4 = {
			isa = PBXGroup;
			children = (
				F55B30C02510ABF6005922D4 /* TestProject */,
				F55B30BF2510ABF6005922D4 /* Products */,
				FCDC96C811076962A08C2871 /* Pods */,
				09357FF41932FBC6C5ADB359 /* Frameworks */,
			);
			sourceTree = "<group>";
		};
		F55B30BF2510ABF6005922D4 /* Products */ = {
			isa = PBXGroup;
			children = (
				F55B30BE2510ABF6005922D4 /* TestProject.app */,
			);
			name = Products;
			sourceTree = "<group>";
		};
		F55B30C02510ABF6005922D4 /* TestProject */ = {
			isa = PBXGroup;
			children = (
				F55B30C12510ABF6005922D4 /* AppDelegate.swift */,
				F55B30C32510ABF6005922D4 /* SceneDelegate.swift */,
				F55B30C52510ABF6005922D4 /* ViewController.swift */,
				F55B30C72510ABF6005922D4 /* Main.storyboard */,
				F55B30CA2510ABFD005922D4 /* Assets.xcassets */,
				F55B30CC2510ABFD005922D4 /* LaunchScreen.storyboard */,
				F55B30CF2510ABFD005922D4 /* Info.plist */,
				F57B2E6E2513683900ADC980 /* News */,
				F57B2E672513530300ADC980 /* Search */,
				F57B2E702513686600ADC980 /* VideoView */,
				F57B2E712513687300ADC980 /* FavouriteView */,
			);
			path = TestProject;
			sourceTree = "<group>";
		};
		F57B2E672513530300ADC980 /* Search */ = {
			isa = PBXGroup;
			children = (
				F57B2E682513531200ADC980 /* SearchCollectionViewCell.swift */,
				F57B2E6A2513532300ADC980 /* SearchCollectionViewController.swift */,
			);
			path = Search;
			sourceTree = "<group>";
		};
		F57B2E6E2513683900ADC980 /* News */ = {
			isa = PBXGroup;
			children = (
				F57B2E6F2513685200ADC980 /* NewsCollectionView */,
				F5FA77F02512156B00D91E40 /* ModelNews.swift */,
				F5FA77F22512157700D91E40 /* SettingsNews.swift */,
			);
			path = News;
			sourceTree = "<group>";
		};
		F57B2E6F2513685200ADC980 /* NewsCollectionView */ = {
			isa = PBXGroup;
			children = (
				F5FA77EC25120DC900D91E40 /* NewsCollectionViewController.swift */,
				F5FA77EE251213DC00D91E40 /* NewsCollectionViewCell.swift */,
				F5960B4C2513C86D00102790 /* NewsCollectionViewCell.xib */,
				F5AAE0A52514345A0057F8CA /* HeaderFavourite */,
			);
			path = NewsCollectionView;
			sourceTree = "<group>";
		};
		F57B2E702513686600ADC980 /* VideoView */ = {
			isa = PBXGroup;
			children = (
				F55B30D52510B7C8005922D4 /* VideoViewController.swift */,
			);
			path = VideoView;
			sourceTree = "<group>";
		};
		F57B2E712513687300ADC980 /* FavouriteView */ = {
			isa = PBXGroup;
			children = (
				F55B30D92510C7E2005922D4 /* FavouriteViewController.swift */,
			);
			path = FavouriteView;
			sourceTree = "<group>";
		};
		F5AAE0A52514345A0057F8CA /* HeaderFavourite */ = {
			isa = PBXGroup;
			children = (
				F5960B4E2513CC0C00102790 /* HeaderCollectionReusableView.swift */,
				F5AAE0A125142F6A0057F8CA /* HeaderCollectionViewCell.xib */,
				F5AAE0A6251436540057F8CA /* HeaderCollectionViewCell.swift */,
			);
			path = HeaderFavourite;
			sourceTree = "<group>";
		};
		FCDC96C811076962A08C2871 /* Pods */ = {
			isa = PBXGroup;
			children = (
				A37642A3952037DF6A39A666 /* Pods-TestProject.debug.xcconfig */,
				E6C108CDC267693E76F58F41 /* Pods-TestProject.release.xcconfig */,
			);
			path = Pods;
			sourceTree = "<group>";
		};
/* End PBXGroup section */

/* Begin PBXNativeTarget section */
		F55B30BD2510ABF6005922D4 /* TestProject */ = {
			isa = PBXNativeTarget;
			buildConfigurationList = F55B30D22510ABFD005922D4 /* Build configuration list for PBXNativeTarget "TestProject" */;
			buildPhases = (
				38A479939D29557899EC52EF /* [CP] Check Pods Manifest.lock */,
				F55B30BA2510ABF6005922D4 /* Sources */,
				F55B30BB2510ABF6005922D4 /* Frameworks */,
				F55B30BC2510ABF6005922D4 /* Resources */,
				7C136E61EE8C5CB8B573EA18 /* [CP] Embed Pods Frameworks */,
			);
			buildRules = (
			);
			dependencies = (
			);
			name = TestProject;
			productName = TestProject;
			productReference = F55B30BE2510ABF6005922D4 /* TestProject.app */;
			productType = "com.apple.product-type.application";
		};
/* End PBXNativeTarget section */

/* Begin PBXProject section */
		F55B30B62510ABF6005922D4 /* Project object */ = {
			isa = PBXProject;
			attributes = {
				LastSwiftUpdateCheck = 1170;
				LastUpgradeCheck = 1170;
				ORGANIZATIONNAME = Vlad;
				TargetAttributes = {
					F55B30BD2510ABF6005922D4 = {
						CreatedOnToolsVersion = 11.7;
					};
				};
			};
			buildConfigurationList = F55B30B92510ABF6005922D4 /* Build configuration list for PBXProject "TestProject" */;
			compatibilityVersion = "Xcode 9.3";
			developmentRegion = en;
			hasScannedForEncodings = 0;
			knownRegions = (
				en,
				Base,
			);
			mainGroup = F55B30B52510ABF6005922D4;
			productRefGroup = F55B30BF2510ABF6005922D4 /* Products */;
			projectDirPath = "";
			projectRoot = "";
			targets = (
				F55B30BD2510ABF6005922D4 /* TestProject */,
			);
		};
/* End PBXProject section */

/* Begin PBXResourcesBuildPhase section */
		F55B30BC2510ABF6005922D4 /* Resources */ = {
			isa = PBXResourcesBuildPhase;
			buildActionMask = 2147483647;
			files = (
				F55B30CE2510ABFD005922D4 /* LaunchScreen.storyboard in Resources */,
				F55B30CB2510ABFD005922D4 /* Assets.xcassets in Resources */,
				F55B30C92510ABF6005922D4 /* Main.storyboard in Resources */,
				F5AAE0A225142F6A0057F8CA /* HeaderCollectionViewCell.xib in Resources */,
				F5960B4D2513C86D00102790 /* NewsCollectionViewCell.xib in Resources */,
			);
			runOnlyForDeploymentPostprocessing = 0;
		};
/* End PBXResourcesBuildPhase section */

/* Begin PBXShellScriptBuildPhase section */
		38A479939D29557899EC52EF /* [CP] Check Pods Manifest.lock */ = {
			isa = PBXShellScriptBuildPhase;
			buildActionMask = 2147483647;
			files = (
			);
			inputFileListPaths = (
			);
			inputPaths = (
				"${PODS_PODFILE_DIR_PATH}/Podfile.lock",
				"${PODS_ROOT}/Manifest.lock",
			);
			name = "[CP] Check Pods Manifest.lock";
			outputFileListPaths = (
			);
			outputPaths = (
				"$(DERIVED_FILE_DIR)/Pods-TestProject-checkManifestLockResult.txt",
			);
			runOnlyForDeploymentPostprocessing = 0;
			shellPath = /bin/sh;
			shellScript = "diff \"${PODS_PODFILE_DIR_PATH}/Podfile.lock\" \"${PODS_ROOT}/Manifest.lock\" > /dev/null\nif [ $? != 0 ] ; then\n    # print error to STDERR\n    echo \"error: The sandbox is not in sync with the Podfile.lock. Run 'pod install' or update your CocoaPods installation.\" >&2\n    exit 1\nfi\n# This output is used by Xcode 'outputs' to avoid re-running this script phase.\necho \"SUCCESS\" > \"${SCRIPT_OUTPUT_FILE_0}\"\n";
			showEnvVarsInLog = 0;
		};
		7C136E61EE8C5CB8B573EA18 /* [CP] Embed Pods Frameworks */ = {
			isa = PBXShellScriptBuildPhase;
			buildActionMask = 2147483647;
			files = (
			);
			inputFileListPaths = (
				"${PODS_ROOT}/Target Support Files/Pods-TestProject/Pods-TestProject-frameworks-${CONFIGURATION}-input-files.xcfilelist",
			);
			name = "[CP] Embed Pods Frameworks";
			outputFileListPaths = (
				"${PODS_ROOT}/Target Support Files/Pods-TestProject/Pods-TestProject-frameworks-${CONFIGURATION}-output-files.xcfilelist",
			);
			runOnlyForDeploymentPostprocessing = 0;
			shellPath = /bin/sh;
			shellScript = "\"${PODS_ROOT}/Target Support Files/Pods-TestProject/Pods-TestProject-frameworks.sh\"\n";
			showEnvVarsInLog = 0;
		};
/* End PBXShellScriptBuildPhase section */

/* Begin PBXSourcesBuildPhase section */
		F55B30BA2510ABF6005922D4 /* Sources */ = {
			isa = PBXSourcesBuildPhase;
			buildActionMask = 2147483647;
			files = (
				F57B2E6B2513532300ADC980 /* SearchCollectionViewController.swift in Sources */,
				F5FA77F12512156B00D91E40 /* ModelNews.swift in Sources */,
				F5AAE0A7251436540057F8CA /* HeaderCollectionViewCell.swift in Sources */,
				F55B30C62510ABF6005922D4 /* ViewController.swift in Sources */,
				F5FA77EF251213DC00D91E40 /* NewsCollectionViewCell.swift in Sources */,
				F5960B4F2513CC0C00102790 /* HeaderCollectionReusableView.swift in Sources */,
				F55B30C22510ABF6005922D4 /* AppDelegate.swift in Sources */,
				F57B2E692513531200ADC980 /* SearchCollectionViewCell.swift in Sources */,
				F55B30D62510B7C8005922D4 /* VideoViewController.swift in Sources */,
				F5FA77ED25120DC900D91E40 /* NewsCollectionViewController.swift in Sources */,
				F55B30DA2510C7E2005922D4 /* FavouriteViewController.swift in Sources */,
				F55B30C42510ABF6005922D4 /* SceneDelegate.swift in Sources */,
				F5FA77F32512157700D91E40 /* SettingsNews.swift in Sources */,
			);
			runOnlyForDeploymentPostprocessing = 0;
		};
/* End PBXSourcesBuildPhase section */

/* Begin PBXVariantGroup section */
		F55B30C72510ABF6005922D4 /* Main.storyboard */ = {
			isa = PBXVariantGroup;
			children = (
				F55B30C82510ABF6005922D4 /* Base */,
			);
			name = Main.storyboard;
			sourceTree = "<group>";
		};
		F55B30CC2510ABFD005922D4 /* LaunchScreen.storyboard */ = {
			isa = PBXVariantGroup;
			children = (
				F55B30CD2510ABFD005922D4 /* Base */,
			);
			name = LaunchScreen.storyboard;
			sourceTree = "<group>";
		};
/* End PBXVariantGroup section */

/* Begin XCBuildConfiguration section */
		F55B30D02510ABFD005922D4 /* Debug */ = {
			isa = XCBuildConfiguration;
			buildSettings = {
				ALWAYS_SEARCH_USER_PATHS = NO;
				CLANG_ANALYZER_NONNULL = YES;
				CLANG_ANALYZER_NUMBER_OBJECT_CONVERSION = YES_AGGRESSIVE;
				CLANG_CXX_LANGUAGE_STANDARD = "gnu++14";
				CLANG_CXX_LIBRARY = "libc++";
				CLANG_ENABLE_MODULES = YES;
				CLANG_ENABLE_OBJC_ARC = YES;
				CLANG_ENABLE_OBJC_WEAK = YES;
				CLANG_WARN_BLOCK_CAPTURE_AUTORELEASING = YES;
				CLANG_WARN_BOOL_CONVERSION = YES;
				CLANG_WARN_COMMA = YES;
				CLANG_WARN_CONSTANT_CONVERSION = YES;
				CLANG_WARN_DEPRECATED_OBJC_IMPLEMENTATIONS = YES;
				CLANG_WARN_DIRECT_OBJC_ISA_USAGE = YES_ERROR;
				CLANG_WARN_DOCUMENTATION_COMMENTS = YES;
				CLANG_WARN_EMPTY_BODY = YES;
				CLANG_WARN_ENUM_CONVERSION = YES;
				CLANG_WARN_INFINITE_RECURSION = YES;
				CLANG_WARN_INT_CONVERSION = YES;
				CLANG_WARN_NON_LITERAL_NULL_CONVERSION = YES;
				CLANG_WARN_OBJC_IMPLICIT_RETAIN_SELF = YES;
				CLANG_WARN_OBJC_LITERAL_CONVERSION = YES;
				CLANG_WARN_OBJC_ROOT_CLASS = YES_ERROR;
				CLANG_WARN_RANGE_LOOP_ANALYSIS = YES;
				CLANG_WARN_STRICT_PROTOTYPES = YES;
				CLANG_WARN_SUSPICIOUS_MOVE = YES;
				CLANG_WARN_UNGUARDED_AVAILABILITY = YES_AGGRESSIVE;
				CLANG_WARN_UNREACHABLE_CODE = YES;
				CLANG_WARN__DUPLICATE_METHOD_MATCH = YES;
				COPY_PHASE_STRIP = NO;
				DEBUG_INFORMATION_FORMAT = dwarf;
				ENABLE_STRICT_OBJC_MSGSEND = YES;
				ENABLE_TESTABILITY = YES;
				GCC_C_LANGUAGE_STANDARD = gnu11;
				GCC_DYNAMIC_NO_PIC = NO;
				GCC_NO_COMMON_BLOCKS = YES;
				GCC_OPTIMIZATION_LEVEL = 0;
				GCC_PREPROCESSOR_DEFINITIONS = (
					"DEBUG=1",
					"$(inherited)",
				);
				GCC_WARN_64_TO_32_BIT_CONVERSION = YES;
				GCC_WARN_ABOUT_RETURN_TYPE = YES_ERROR;
				GCC_WARN_UNDECLARED_SELECTOR = YES;
				GCC_WARN_UNINITIALIZED_AUTOS = YES_AGGRESSIVE;
				GCC_WARN_UNUSED_FUNCTION = YES;
				GCC_WARN_UNUSED_VARIABLE = YES;
				IPHONEOS_DEPLOYMENT_TARGET = 13.7;
				MTL_ENABLE_DEBUG_INFO = INCLUDE_SOURCE;
				MTL_FAST_MATH = YES;
				ONLY_ACTIVE_ARCH = YES;
				SDKROOT = iphoneos;
				SWIFT_ACTIVE_COMPILATION_CONDITIONS = DEBUG;
				SWIFT_OPTIMIZATION_LEVEL = "-Onone";
			};
			name = Debug;
		};
		F55B30D12510ABFD005922D4 /* Release */ = {
			isa = XCBuildConfiguration;
			buildSettings = {
				ALWAYS_SEARCH_USER_PATHS = NO;
				CLANG_ANALYZER_NONNULL = YES;
				CLANG_ANALYZER_NUMBER_OBJECT_CONVERSION = YES_AGGRESSIVE;
				CLANG_CXX_LANGUAGE_STANDARD = "gnu++14";
				CLANG_CXX_LIBRARY = "libc++";
				CLANG_ENABLE_MODULES = YES;
				CLANG_ENABLE_OBJC_ARC = YES;
				CLANG_ENABLE_OBJC_WEAK = YES;
				CLANG_WARN_BLOCK_CAPTURE_AUTORELEASING = YES;
				CLANG_WARN_BOOL_CONVERSION = YES;
				CLANG_WARN_COMMA = YES;
				CLANG_WARN_CONSTANT_CONVERSION = YES;
				CLANG_WARN_DEPRECATED_OBJC_IMPLEMENTATIONS = YES;
				CLANG_WARN_DIRECT_OBJC_ISA_USAGE = YES_ERROR;
				CLANG_WARN_DOCUMENTATION_COMMENTS = YES;
				CLANG_WARN_EMPTY_BODY = YES;
				CLANG_WARN_ENUM_CONVERSION = YES;
				CLANG_WARN_INFINITE_RECURSION = YES;
				CLANG_WARN_INT_CONVERSION = YES;
				CLANG_WARN_NON_LITERAL_NULL_CONVERSION = YES;
				CLANG_WARN_OBJC_IMPLICIT_RETAIN_SELF = YES;
				CLANG_WARN_OBJC_LITERAL_CONVERSION = YES;
				CLANG_WARN_OBJC_ROOT_CLASS = YES_ERROR;
				CLANG_WARN_RANGE_LOOP_ANALYSIS = YES;
				CLANG_WARN_STRICT_PROTOTYPES = YES;
				CLANG_WARN_SUSPICIOUS_MOVE = YES;
				CLANG_WARN_UNGUARDED_AVAILABILITY = YES_AGGRESSIVE;
				CLANG_WARN_UNREACHABLE_CODE = YES;
				CLANG_WARN__DUPLICATE_METHOD_MATCH = YES;
				COPY_PHASE_STRIP = NO;
				DEBUG_INFORMATION_FORMAT = "dwarf-with-dsym";
				ENABLE_NS_ASSERTIONS = NO;
				ENABLE_STRICT_OBJC_MSGSEND = YES;
				GCC_C_LANGUAGE_STANDARD = gnu11;
				GCC_NO_COMMON_BLOCKS = YES;
				GCC_WARN_64_TO_32_BIT_CONVERSION = YES;
				GCC_WARN_ABOUT_RETURN_TYPE = YES_ERROR;
				GCC_WARN_UNDECLARED_SELECTOR = YES;
				GCC_WARN_UNINITIALIZED_AUTOS = YES_AGGRESSIVE;
				GCC_WARN_UNUSED_FUNCTION = YES;
				GCC_WARN_UNUSED_VARIABLE = YES;
				IPHONEOS_DEPLOYMENT_TARGET = 13.7;
				MTL_ENABLE_DEBUG_INFO = NO;
				MTL_FAST_MATH = YES;
				SDKROOT = iphoneos;
				SWIFT_COMPILATION_MODE = wholemodule;
				SWIFT_OPTIMIZATION_LEVEL = "-O";
				VALIDATE_PRODUCT = YES;
			};
			name = Release;
		};
		F55B30D32510ABFD005922D4 /* Debug */ = {
			isa = XCBuildConfiguration;
			baseConfigurationReference = A37642A3952037DF6A39A666 /* Pods-TestProject.debug.xcconfig */;
			buildSettings = {
				ASSETCATALOG_COMPILER_APPICON_NAME = AppIcon;
				CODE_SIGN_STYLE = Automatic;
				INFOPLIST_FILE = TestProject/Info.plist;
				IPHONEOS_DEPLOYMENT_TARGET = 11.0;
				LD_RUNPATH_SEARCH_PATHS = (
					"$(inherited)",
					"@executable_path/Frameworks",
				);
				PRODUCT_BUNDLE_IDENTIFIER = Vlad.TestProject;
				PRODUCT_NAME = "$(TARGET_NAME)";
				SWIFT_VERSION = 5.0;
				TARGETED_DEVICE_FAMILY = 1;
			};
			name = Debug;
		};
		F55B30D42510ABFD005922D4 /* Release */ = {
			isa = XCBuildConfiguration;
			baseConfigurationReference = E6C108CDC267693E76F58F41 /* Pods-TestProject.release.xcconfig */;
			buildSettings = {
				ASSETCATALOG_COMPILER_APPICON_NAME = AppIcon;
				CODE_SIGN_STYLE = Automatic;
				INFOPLIST_FILE = TestProject/Info.plist;
				IPHONEOS_DEPLOYMENT_TARGET = 11.0;
				LD_RUNPATH_SEARCH_PATHS = (
					"$(inherited)",
					"@executable_path/Frameworks",
				);
				PRODUCT_BUNDLE_IDENTIFIER = Vlad.TestProject;
				PRODUCT_NAME = "$(TARGET_NAME)";
				SWIFT_VERSION = 5.0;
				TARGETED_DEVICE_FAMILY = 1;
			};
			name = Release;
		};
/* End XCBuildConfiguration section */

/* Begin XCConfigurationList section */
		F55B30B92510ABF6005922D4 /* Build configuration list for PBXProject "TestProject" */ = {
			isa = XCConfigurationList;
			buildConfigurations = (
				F55B30D02510ABFD005922D4 /* Debug */,
				F55B30D12510ABFD005922D4 /* Release */,
			);
			defaultConfigurationIsVisible = 0;
			defaultConfigurationName = Release;
		};
		F55B30D22510ABFD005922D4 /* Build configuration list for PBXNativeTarget "TestProject" */ = {
			isa = XCConfigurationList;
			buildConfigurations = (
				F55B30D32510ABFD005922D4 /* Debug */,
				F55B30D42510ABFD005922D4 /* Release */,
			);
			defaultConfigurationIsVisible = 0;
			defaultConfigurationName = Release;
		};
/* End XCConfigurationList section */
	};
	rootObject = F55B30B62510ABF6005922D4 /* Project object */;
}
